// !$*UTF8*$!
{
	archiveVersion = 1;
	classes = {
	};
	objectVersion = 55;
	objects = {

/* Begin PBXBuildFile section */
		7C57604429E679020010069E /* LoginView.swift in Sources */ = {isa = PBXBuildFile; fileRef = 7C57604329E679020010069E /* LoginView.swift */; };
		7C57604629E6998C0010069E /* ServerSelectView.swift in Sources */ = {isa = PBXBuildFile; fileRef = 7C57604529E6998C0010069E /* ServerSelectView.swift */; };
		7CF29B1D27F16FA000BFB2BA /* Tests_iOS.swift in Sources */ = {isa = PBXBuildFile; fileRef = 7CF29B1C27F16FA000BFB2BA /* Tests_iOS.swift */; };
		7CF29B1F27F16FA000BFB2BA /* Tests_iOSLaunchTests.swift in Sources */ = {isa = PBXBuildFile; fileRef = 7CF29B1E27F16FA000BFB2BA /* Tests_iOSLaunchTests.swift */; };
		7CF29B2927F16FA000BFB2BA /* Tests_macOS.swift in Sources */ = {isa = PBXBuildFile; fileRef = 7CF29B2827F16FA000BFB2BA /* Tests_macOS.swift */; };
		7CF29B2B27F16FA000BFB2BA /* Tests_macOSLaunchTests.swift in Sources */ = {isa = PBXBuildFile; fileRef = 7CF29B2A27F16FA000BFB2BA /* Tests_macOSLaunchTests.swift */; };
		7CF29B2C27F16FA000BFB2BA /* JamediaApp.swift in Sources */ = {isa = PBXBuildFile; fileRef = 7CF29B0427F16F9C00BFB2BA /* JamediaApp.swift */; };
		7CF29B2D27F16FA000BFB2BA /* JamediaApp.swift in Sources */ = {isa = PBXBuildFile; fileRef = 7CF29B0427F16F9C00BFB2BA /* JamediaApp.swift */; };
		7CF29B2E27F16FA000BFB2BA /* ContentView.swift in Sources */ = {isa = PBXBuildFile; fileRef = 7CF29B0527F16F9C00BFB2BA /* ContentView.swift */; };
		7CF29B3027F16FA000BFB2BA /* Assets.xcassets in Resources */ = {isa = PBXBuildFile; fileRef = 7CF29B0627F16FA000BFB2BA /* Assets.xcassets */; };
		7CF29B3127F16FA000BFB2BA /* Assets.xcassets in Resources */ = {isa = PBXBuildFile; fileRef = 7CF29B0627F16FA000BFB2BA /* Assets.xcassets */; };
		7CF29B4427F180AC00BFB2BA /* SidebarView.swift in Sources */ = {isa = PBXBuildFile; fileRef = 7CF29B4327F180AC00BFB2BA /* SidebarView.swift */; };
		7CF29B4627F2078E00BFB2BA /* MusicView.swift in Sources */ = {isa = PBXBuildFile; fileRef = 7CF29B4527F2078E00BFB2BA /* MusicView.swift */; };
		7CF29B4A27F20E2400BFB2BA /* ContentView.swift in Sources */ = {isa = PBXBuildFile; fileRef = 7CF29B4927F20E2400BFB2BA /* ContentView.swift */; };
		7CF29B4C27F689C700BFB2BA /* Album.swift in Sources */ = {isa = PBXBuildFile; fileRef = 7CF29B4B27F689C700BFB2BA /* Album.swift */; };
		7CF29B5527F6DA2E00BFB2BA /* Artist.swift in Sources */ = {isa = PBXBuildFile; fileRef = 7CF29B5427F6DA2E00BFB2BA /* Artist.swift */; };
/* End PBXBuildFile section */

/* Begin PBXContainerItemProxy section */
		7CF29B1927F16FA000BFB2BA /* PBXContainerItemProxy */ = {
			isa = PBXContainerItemProxy;
			containerPortal = 7CF29AFF27F16F9C00BFB2BA /* Project object */;
			proxyType = 1;
			remoteGlobalIDString = 7CF29B0A27F16FA000BFB2BA;
			remoteInfo = "Jamedia (iOS)";
		};
		7CF29B2527F16FA000BFB2BA /* PBXContainerItemProxy */ = {
			isa = PBXContainerItemProxy;
			containerPortal = 7CF29AFF27F16F9C00BFB2BA /* Project object */;
			proxyType = 1;
			remoteGlobalIDString = 7CF29B1027F16FA000BFB2BA;
			remoteInfo = "Jamedia (macOS)";
		};
/* End PBXContainerItemProxy section */

/* Begin PBXFileReference section */
		7C57604329E679020010069E /* LoginView.swift */ = {isa = PBXFileReference; lastKnownFileType = sourcecode.swift; path = LoginView.swift; sourceTree = "<group>"; };
		7C57604529E6998C0010069E /* ServerSelectView.swift */ = {isa = PBXFileReference; lastKnownFileType = sourcecode.swift; path = ServerSelectView.swift; sourceTree = "<group>"; };
		7CF29B0427F16F9C00BFB2BA /* JamediaApp.swift */ = {isa = PBXFileReference; lastKnownFileType = sourcecode.swift; path = JamediaApp.swift; sourceTree = "<group>"; };
		7CF29B0527F16F9C00BFB2BA /* ContentView.swift */ = {isa = PBXFileReference; lastKnownFileType = sourcecode.swift; path = ContentView.swift; sourceTree = "<group>"; };
		7CF29B0627F16FA000BFB2BA /* Assets.xcassets */ = {isa = PBXFileReference; lastKnownFileType = folder.assetcatalog; path = Assets.xcassets; sourceTree = "<group>"; };
		7CF29B0B27F16FA000BFB2BA /* Jamedia.app */ = {isa = PBXFileReference; explicitFileType = wrapper.application; includeInIndex = 0; path = Jamedia.app; sourceTree = BUILT_PRODUCTS_DIR; };
		7CF29B1127F16FA000BFB2BA /* Jamedia.app */ = {isa = PBXFileReference; explicitFileType = wrapper.application; includeInIndex = 0; path = Jamedia.app; sourceTree = BUILT_PRODUCTS_DIR; };
		7CF29B1327F16FA000BFB2BA /* macOS.entitlements */ = {isa = PBXFileReference; lastKnownFileType = text.plist.entitlements; path = macOS.entitlements; sourceTree = "<group>"; };
		7CF29B1827F16FA000BFB2BA /* Tests iOS.xctest */ = {isa = PBXFileReference; explicitFileType = wrapper.cfbundle; includeInIndex = 0; path = "Tests iOS.xctest"; sourceTree = BUILT_PRODUCTS_DIR; };
		7CF29B1C27F16FA000BFB2BA /* Tests_iOS.swift */ = {isa = PBXFileReference; lastKnownFileType = sourcecode.swift; path = Tests_iOS.swift; sourceTree = "<group>"; };
		7CF29B1E27F16FA000BFB2BA /* Tests_iOSLaunchTests.swift */ = {isa = PBXFileReference; lastKnownFileType = sourcecode.swift; path = Tests_iOSLaunchTests.swift; sourceTree = "<group>"; };
		7CF29B2427F16FA000BFB2BA /* Tests macOS.xctest */ = {isa = PBXFileReference; explicitFileType = wrapper.cfbundle; includeInIndex = 0; path = "Tests macOS.xctest"; sourceTree = BUILT_PRODUCTS_DIR; };
		7CF29B2827F16FA000BFB2BA /* Tests_macOS.swift */ = {isa = PBXFileReference; lastKnownFileType = sourcecode.swift; path = Tests_macOS.swift; sourceTree = "<group>"; };
		7CF29B2A27F16FA000BFB2BA /* Tests_macOSLaunchTests.swift */ = {isa = PBXFileReference; lastKnownFileType = sourcecode.swift; path = Tests_macOSLaunchTests.swift; sourceTree = "<group>"; };
		7CF29B4327F180AC00BFB2BA /* SidebarView.swift */ = {isa = PBXFileReference; lastKnownFileType = sourcecode.swift; path = SidebarView.swift; sourceTree = "<group>"; };
		7CF29B4527F2078E00BFB2BA /* MusicView.swift */ = {isa = PBXFileReference; lastKnownFileType = sourcecode.swift; path = MusicView.swift; sourceTree = "<group>"; };
		7CF29B4927F20E2400BFB2BA /* ContentView.swift */ = {isa = PBXFileReference; lastKnownFileType = sourcecode.swift; path = ContentView.swift; sourceTree = "<group>"; };
		7CF29B4B27F689C700BFB2BA /* Album.swift */ = {isa = PBXFileReference; lastKnownFileType = sourcecode.swift; path = Album.swift; sourceTree = "<group>"; };
		7CF29B5427F6DA2E00BFB2BA /* Artist.swift */ = {isa = PBXFileReference; lastKnownFileType = sourcecode.swift; path = Artist.swift; sourceTree = "<group>"; };
/* End PBXFileReference section */

/* Begin PBXFrameworksBuildPhase section */
		7CF29B0827F16FA000BFB2BA /* Frameworks */ = {
			isa = PBXFrameworksBuildPhase;
			buildActionMask = 2147483647;
			files = (
			);
			runOnlyForDeploymentPostprocessing = 0;
		};
		7CF29B0E27F16FA000BFB2BA /* Frameworks */ = {
			isa = PBXFrameworksBuildPhase;
			buildActionMask = 2147483647;
			files = (
			);
			runOnlyForDeploymentPostprocessing = 0;
		};
		7CF29B1527F16FA000BFB2BA /* Frameworks */ = {
			isa = PBXFrameworksBuildPhase;
			buildActionMask = 2147483647;
			files = (
			);
			runOnlyForDeploymentPostprocessing = 0;
		};
		7CF29B2127F16FA000BFB2BA /* Frameworks */ = {
			isa = PBXFrameworksBuildPhase;
			buildActionMask = 2147483647;
			files = (
			);
			runOnlyForDeploymentPostprocessing = 0;
		};
/* End PBXFrameworksBuildPhase section */

/* Begin PBXGroup section */
		7CF29AFE27F16F9C00BFB2BA = {
			isa = PBXGroup;
			children = (
				7CF29B0327F16F9C00BFB2BA /* Shared */,
				7CF29B1227F16FA000BFB2BA /* macOS */,
				7CF29B1B27F16FA000BFB2BA /* Tests iOS */,
				7CF29B2727F16FA000BFB2BA /* Tests macOS */,
				7CF29B0C27F16FA000BFB2BA /* Products */,
			);
			sourceTree = "<group>";
		};
		7CF29B0327F16F9C00BFB2BA /* Shared */ = {
			isa = PBXGroup;
			children = (
				7CF29B0427F16F9C00BFB2BA /* JamediaApp.swift */,
				7CF29B0527F16F9C00BFB2BA /* ContentView.swift */,
				7CF29B0627F16FA000BFB2BA /* Assets.xcassets */,
			);
			path = Shared;
			sourceTree = "<group>";
		};
		7CF29B0C27F16FA000BFB2BA /* Products */ = {
			isa = PBXGroup;
			children = (
				7CF29B0B27F16FA000BFB2BA /* Jamedia.app */,
				7CF29B1127F16FA000BFB2BA /* Jamedia.app */,
				7CF29B1827F16FA000BFB2BA /* Tests iOS.xctest */,
				7CF29B2427F16FA000BFB2BA /* Tests macOS.xctest */,
			);
			name = Products;
			sourceTree = "<group>";
		};
		7CF29B1227F16FA000BFB2BA /* macOS */ = {
			isa = PBXGroup;
			children = (
				7CF29B5327F6DA1F00BFB2BA /* Models */,
				7CF29B4027F17A4200BFB2BA /* Views */,
				7CF29B1327F16FA000BFB2BA /* macOS.entitlements */,
			);
			path = macOS;
			sourceTree = "<group>";
		};
		7CF29B1B27F16FA000BFB2BA /* Tests iOS */ = {
			isa = PBXGroup;
			children = (
				7CF29B1C27F16FA000BFB2BA /* Tests_iOS.swift */,
				7CF29B1E27F16FA000BFB2BA /* Tests_iOSLaunchTests.swift */,
			);
			path = "Tests iOS";
			sourceTree = "<group>";
		};
		7CF29B2727F16FA000BFB2BA /* Tests macOS */ = {
			isa = PBXGroup;
			children = (
				7CF29B2827F16FA000BFB2BA /* Tests_macOS.swift */,
				7CF29B2A27F16FA000BFB2BA /* Tests_macOSLaunchTests.swift */,
			);
			path = "Tests macOS";
			sourceTree = "<group>";
		};
		7CF29B4027F17A4200BFB2BA /* Views */ = {
			isa = PBXGroup;
			children = (
				7CF29B4327F180AC00BFB2BA /* SidebarView.swift */,
				7CF29B4527F2078E00BFB2BA /* MusicView.swift */,
				7CF29B4927F20E2400BFB2BA /* ContentView.swift */,
				7C57604329E679020010069E /* LoginView.swift */,
				7C57604529E6998C0010069E /* ServerSelectView.swift */,
			);
			path = Views;
			sourceTree = "<group>";
		};
		7CF29B5327F6DA1F00BFB2BA /* Models */ = {
			isa = PBXGroup;
			children = (
				7CF29B4B27F689C700BFB2BA /* Album.swift */,
				7CF29B5427F6DA2E00BFB2BA /* Artist.swift */,
			);
			path = Models;
			sourceTree = "<group>";
		};
/* End PBXGroup section */

/* Begin PBXNativeTarget section */
		7CF29B0A27F16FA000BFB2BA /* Jamedia (iOS) */ = {
			isa = PBXNativeTarget;
			buildConfigurationList = 7CF29B3427F16FA000BFB2BA /* Build configuration list for PBXNativeTarget "Jamedia (iOS)" */;
			buildPhases = (
				7CF29B0727F16FA000BFB2BA /* Sources */,
				7CF29B0827F16FA000BFB2BA /* Frameworks */,
				7CF29B0927F16FA000BFB2BA /* Resources */,
			);
			buildRules = (
			);
			dependencies = (
			);
			name = "Jamedia (iOS)";
			productName = "Jamedia (iOS)";
			productReference = 7CF29B0B27F16FA000BFB2BA /* Jamedia.app */;
			productType = "com.apple.product-type.application";
		};
		7CF29B1027F16FA000BFB2BA /* Jamedia (macOS) */ = {
			isa = PBXNativeTarget;
			buildConfigurationList = 7CF29B3727F16FA000BFB2BA /* Build configuration list for PBXNativeTarget "Jamedia (macOS)" */;
			buildPhases = (
				7CF29B0D27F16FA000BFB2BA /* Sources */,
				7CF29B0E27F16FA000BFB2BA /* Frameworks */,
				7CF29B0F27F16FA000BFB2BA /* Resources */,
			);
			buildRules = (
			);
			dependencies = (
			);
			name = "Jamedia (macOS)";
			productName = "Jamedia (macOS)";
			productReference = 7CF29B1127F16FA000BFB2BA /* Jamedia.app */;
			productType = "com.apple.product-type.application";
		};
		7CF29B1727F16FA000BFB2BA /* Tests iOS */ = {
			isa = PBXNativeTarget;
			buildConfigurationList = 7CF29B3A27F16FA000BFB2BA /* Build configuration list for PBXNativeTarget "Tests iOS" */;
			buildPhases = (
				7CF29B1427F16FA000BFB2BA /* Sources */,
				7CF29B1527F16FA000BFB2BA /* Frameworks */,
				7CF29B1627F16FA000BFB2BA /* Resources */,
			);
			buildRules = (
			);
			dependencies = (
				7CF29B1A27F16FA000BFB2BA /* PBXTargetDependency */,
			);
			name = "Tests iOS";
			productName = "Tests iOS";
			productReference = 7CF29B1827F16FA000BFB2BA /* Tests iOS.xctest */;
			productType = "com.apple.product-type.bundle.ui-testing";
		};
		7CF29B2327F16FA000BFB2BA /* Tests macOS */ = {
			isa = PBXNativeTarget;
			buildConfigurationList = 7CF29B3D27F16FA000BFB2BA /* Build configuration list for PBXNativeTarget "Tests macOS" */;
			buildPhases = (
				7CF29B2027F16FA000BFB2BA /* Sources */,
				7CF29B2127F16FA000BFB2BA /* Frameworks */,
				7CF29B2227F16FA000BFB2BA /* Resources */,
			);
			buildRules = (
			);
			dependencies = (
				7CF29B2627F16FA000BFB2BA /* PBXTargetDependency */,
			);
			name = "Tests macOS";
			productName = "Tests macOS";
			productReference = 7CF29B2427F16FA000BFB2BA /* Tests macOS.xctest */;
			productType = "com.apple.product-type.bundle.ui-testing";
		};
/* End PBXNativeTarget section */

/* Begin PBXProject section */
		7CF29AFF27F16F9C00BFB2BA /* Project object */ = {
			isa = PBXProject;
			attributes = {
				BuildIndependentTargetsInParallel = 1;
				LastSwiftUpdateCheck = 1330;
				LastUpgradeCheck = 1330;
				TargetAttributes = {
					7CF29B0A27F16FA000BFB2BA = {
						CreatedOnToolsVersion = 13.3;
					};
					7CF29B1027F16FA000BFB2BA = {
						CreatedOnToolsVersion = 13.3;
					};
					7CF29B1727F16FA000BFB2BA = {
						CreatedOnToolsVersion = 13.3;
						TestTargetID = 7CF29B0A27F16FA000BFB2BA;
					};
					7CF29B2327F16FA000BFB2BA = {
						CreatedOnToolsVersion = 13.3;
						TestTargetID = 7CF29B1027F16FA000BFB2BA;
					};
				};
			};
			buildConfigurationList = 7CF29B0227F16F9C00BFB2BA /* Build configuration list for PBXProject "Jamedia" */;
			compatibilityVersion = "Xcode 13.0";
			developmentRegion = en;
			hasScannedForEncodings = 0;
			knownRegions = (
				en,
				Base,
			);
			mainGroup = 7CF29AFE27F16F9C00BFB2BA;
			productRefGroup = 7CF29B0C27F16FA000BFB2BA /* Products */;
			projectDirPath = "";
			projectRoot = "";
			targets = (
				7CF29B0A27F16FA000BFB2BA /* Jamedia (iOS) */,
				7CF29B1027F16FA000BFB2BA /* Jamedia (macOS) */,
				7CF29B1727F16FA000BFB2BA /* Tests iOS */,
				7CF29B2327F16FA000BFB2BA /* Tests macOS */,
			);
		};
/* End PBXProject section */

/* Begin PBXResourcesBuildPhase section */
		7CF29B0927F16FA000BFB2BA /* Resources */ = {
			isa = PBXResourcesBuildPhase;
			buildActionMask = 2147483647;
			files = (
				7CF29B3027F16FA000BFB2BA /* Assets.xcassets in Resources */,
			);
			runOnlyForDeploymentPostprocessing = 0;
		};
		7CF29B0F27F16FA000BFB2BA /* Resources */ = {
			isa = PBXResourcesBuildPhase;
			buildActionMask = 2147483647;
			files = (
				7CF29B3127F16FA000BFB2BA /* Assets.xcassets in Resources */,
			);
			runOnlyForDeploymentPostprocessing = 0;
		};
		7CF29B1627F16FA000BFB2BA /* Resources */ = {
			isa = PBXResourcesBuildPhase;
			buildActionMask = 2147483647;
			files = (
			);
			runOnlyForDeploymentPostprocessing = 0;
		};
		7CF29B2227F16FA000BFB2BA /* Resources */ = {
			isa = PBXResourcesBuildPhase;
			buildActionMask = 2147483647;
			files = (
			);
			runOnlyForDeploymentPostprocessing = 0;
		};
/* End PBXResourcesBuildPhase section */

/* Begin PBXSourcesBuildPhase section */
		7CF29B0727F16FA000BFB2BA /* Sources */ = {
			isa = PBXSourcesBuildPhase;
			buildActionMask = 2147483647;
			files = (
				7CF29B2E27F16FA000BFB2BA /* ContentView.swift in Sources */,
				7CF29B2C27F16FA000BFB2BA /* JamediaApp.swift in Sources */,
			);
			runOnlyForDeploymentPostprocessing = 0;
		};
		7CF29B0D27F16FA000BFB2BA /* Sources */ = {
			isa = PBXSourcesBuildPhase;
			buildActionMask = 2147483647;
			files = (
				7CF29B5527F6DA2E00BFB2BA /* Artist.swift in Sources */,
				7C57604429E679020010069E /* LoginView.swift in Sources */,
				7CF29B4A27F20E2400BFB2BA /* ContentView.swift in Sources */,
				7C57604629E6998C0010069E /* ServerSelectView.swift in Sources */,
				7CF29B2D27F16FA000BFB2BA /* JamediaApp.swift in Sources */,
				7CF29B4627F2078E00BFB2BA /* MusicView.swift in Sources */,
				7CF29B4427F180AC00BFB2BA /* SidebarView.swift in Sources */,
				7CF29B4C27F689C700BFB2BA /* Album.swift in Sources */,
			);
			runOnlyForDeploymentPostprocessing = 0;
		};
		7CF29B1427F16FA000BFB2BA /* Sources */ = {
			isa = PBXSourcesBuildPhase;
			buildActionMask = 2147483647;
			files = (
				7CF29B1F27F16FA000BFB2BA /* Tests_iOSLaunchTests.swift in Sources */,
				7CF29B1D27F16FA000BFB2BA /* Tests_iOS.swift in Sources */,
			);
			runOnlyForDeploymentPostprocessing = 0;
		};
		7CF29B2027F16FA000BFB2BA /* Sources */ = {
			isa = PBXSourcesBuildPhase;
			buildActionMask = 2147483647;
			files = (
				7CF29B2B27F16FA000BFB2BA /* Tests_macOSLaunchTests.swift in Sources */,
				7CF29B2927F16FA000BFB2BA /* Tests_macOS.swift in Sources */,
			);
			runOnlyForDeploymentPostprocessing = 0;
		};
/* End PBXSourcesBuildPhase section */

/* Begin PBXTargetDependency section */
		7CF29B1A27F16FA000BFB2BA /* PBXTargetDependency */ = {
			isa = PBXTargetDependency;
			target = 7CF29B0A27F16FA000BFB2BA /* Jamedia (iOS) */;
			targetProxy = 7CF29B1927F16FA000BFB2BA /* PBXContainerItemProxy */;
		};
		7CF29B2627F16FA000BFB2BA /* PBXTargetDependency */ = {
			isa = PBXTargetDependency;
			target = 7CF29B1027F16FA000BFB2BA /* Jamedia (macOS) */;
			targetProxy = 7CF29B2527F16FA000BFB2BA /* PBXContainerItemProxy */;
		};
/* End PBXTargetDependency section */

/* Begin XCBuildConfiguration section */
		7CF29B3227F16FA000BFB2BA /* Debug */ = {
			isa = XCBuildConfiguration;
			buildSettings = {
				ALWAYS_SEARCH_USER_PATHS = NO;
				CLANG_ANALYZER_NONNULL = YES;
				CLANG_ANALYZER_NUMBER_OBJECT_CONVERSION = YES_AGGRESSIVE;
				CLANG_CXX_LANGUAGE_STANDARD = "gnu++17";
				CLANG_ENABLE_MODULES = YES;
				CLANG_ENABLE_OBJC_ARC = YES;
				CLANG_ENABLE_OBJC_WEAK = YES;
				CLANG_WARN_BLOCK_CAPTURE_AUTORELEASING = YES;
				CLANG_WARN_BOOL_CONVERSION = YES;
				CLANG_WARN_COMMA = YES;
				CLANG_WARN_CONSTANT_CONVERSION = YES;
				CLANG_WARN_DEPRECATED_OBJC_IMPLEMENTATIONS = YES;
				CLANG_WARN_DIRECT_OBJC_ISA_USAGE = YES_ERROR;
				CLANG_WARN_DOCUMENTATION_COMMENTS = YES;
				CLANG_WARN_EMPTY_BODY = YES;
				CLANG_WARN_ENUM_CONVERSION = YES;
				CLANG_WARN_INFINITE_RECURSION = YES;
				CLANG_WARN_INT_CONVERSION = YES;
				CLANG_WARN_NON_LITERAL_NULL_CONVERSION = YES;
				CLANG_WARN_OBJC_IMPLICIT_RETAIN_SELF = YES;
				CLANG_WARN_OBJC_LITERAL_CONVERSION = YES;
				CLANG_WARN_OBJC_ROOT_CLASS = YES_ERROR;
				CLANG_WARN_QUOTED_INCLUDE_IN_FRAMEWORK_HEADER = YES;
				CLANG_WARN_RANGE_LOOP_ANALYSIS = YES;
				CLANG_WARN_STRICT_PROTOTYPES = YES;
				CLANG_WARN_SUSPICIOUS_MOVE = YES;
				CLANG_WARN_UNGUARDED_AVAILABILITY = YES_AGGRESSIVE;
				CLANG_WARN_UNREACHABLE_CODE = YES;
				CLANG_WARN__DUPLICATE_METHOD_MATCH = YES;
				COPY_PHASE_STRIP = NO;
				DEBUG_INFORMATION_FORMAT = dwarf;
				ENABLE_STRICT_OBJC_MSGSEND = YES;
				ENABLE_TESTABILITY = YES;
				GCC_C_LANGUAGE_STANDARD = gnu11;
				GCC_DYNAMIC_NO_PIC = NO;
				GCC_NO_COMMON_BLOCKS = YES;
				GCC_OPTIMIZATION_LEVEL = 0;
				GCC_PREPROCESSOR_DEFINITIONS = (
					"DEBUG=1",
					"$(inherited)",
				);
				GCC_WARN_64_TO_32_BIT_CONVERSION = YES;
				GCC_WARN_ABOUT_RETURN_TYPE = YES_ERROR;
				GCC_WARN_UNDECLARED_SELECTOR = YES;
				GCC_WARN_UNINITIALIZED_AUTOS = YES_AGGRESSIVE;
				GCC_WARN_UNUSED_FUNCTION = YES;
				GCC_WARN_UNUSED_VARIABLE = YES;
				MTL_ENABLE_DEBUG_INFO = INCLUDE_SOURCE;
				MTL_FAST_MATH = YES;
				ONLY_ACTIVE_ARCH = YES;
				SWIFT_ACTIVE_COMPILATION_CONDITIONS = DEBUG;
				SWIFT_OPTIMIZATION_LEVEL = "-Onone";
			};
			name = Debug;
		};
		7CF29B3327F16FA000BFB2BA /* Release */ = {
			isa = XCBuildConfiguration;
			buildSettings = {
				ALWAYS_SEARCH_USER_PATHS = NO;
				CLANG_ANALYZER_NONNULL = YES;
				CLANG_ANALYZER_NUMBER_OBJECT_CONVERSION = YES_AGGRESSIVE;
				CLANG_CXX_LANGUAGE_STANDARD = "gnu++17";
				CLANG_ENABLE_MODULES = YES;
				CLANG_ENABLE_OBJC_ARC = YES;
				CLANG_ENABLE_OBJC_WEAK = YES;
				CLANG_WARN_BLOCK_CAPTURE_AUTORELEASING = YES;
				CLANG_WARN_BOOL_CONVERSION = YES;
				CLANG_WARN_COMMA = YES;
				CLANG_WARN_CONSTANT_CONVERSION = YES;
				CLANG_WARN_DEPRECATED_OBJC_IMPLEMENTATIONS = YES;
				CLANG_WARN_DIRECT_OBJC_ISA_USAGE = YES_ERROR;
				CLANG_WARN_DOCUMENTATION_COMMENTS = YES;
				CLANG_WARN_EMPTY_BODY = YES;
				CLANG_WARN_ENUM_CONVERSION = YES;
				CLANG_WARN_INFINITE_RECURSION = YES;
				CLANG_WARN_INT_CONVERSION = YES;
				CLANG_WARN_NON_LITERAL_NULL_CONVERSION = YES;
				CLANG_WARN_OBJC_IMPLICIT_RETAIN_SELF = YES;
				CLANG_WARN_OBJC_LITERAL_CONVERSION = YES;
				CLANG_WARN_OBJC_ROOT_CLASS = YES_ERROR;
				CLANG_WARN_QUOTED_INCLUDE_IN_FRAMEWORK_HEADER = YES;
				CLANG_WARN_RANGE_LOOP_ANALYSIS = YES;
				CLANG_WARN_STRICT_PROTOTYPES = YES;
				CLANG_WARN_SUSPICIOUS_MOVE = YES;
				CLANG_WARN_UNGUARDED_AVAILABILITY = YES_AGGRESSIVE;
				CLANG_WARN_UNREACHABLE_CODE = YES;
				CLANG_WARN__DUPLICATE_METHOD_MATCH = YES;
				COPY_PHASE_STRIP = NO;
				DEBUG_INFORMATION_FORMAT = "dwarf-with-dsym";
				ENABLE_NS_ASSERTIONS = NO;
				ENABLE_STRICT_OBJC_MSGSEND = YES;
				GCC_C_LANGUAGE_STANDARD = gnu11;
				GCC_NO_COMMON_BLOCKS = YES;
				GCC_WARN_64_TO_32_BIT_CONVERSION = YES;
				GCC_WARN_ABOUT_RETURN_TYPE = YES_ERROR;
				GCC_WARN_UNDECLARED_SELECTOR = YES;
				GCC_WARN_UNINITIALIZED_AUTOS = YES_AGGRESSIVE;
				GCC_WARN_UNUSED_FUNCTION = YES;
				GCC_WARN_UNUSED_VARIABLE = YES;
				MTL_ENABLE_DEBUG_INFO = NO;
				MTL_FAST_MATH = YES;
				SWIFT_COMPILATION_MODE = wholemodule;
				SWIFT_OPTIMIZATION_LEVEL = "-O";
			};
			name = Release;
		};
		7CF29B3527F16FA000BFB2BA /* Debug */ = {
			isa = XCBuildConfiguration;
			buildSettings = {
				ASSETCATALOG_COMPILER_APPICON_NAME = AppIcon;
				ASSETCATALOG_COMPILER_GLOBAL_ACCENT_COLOR_NAME = AccentColor;
				CODE_SIGN_STYLE = Automatic;
				CURRENT_PROJECT_VERSION = 1;
				ENABLE_PREVIEWS = YES;
				GENERATE_INFOPLIST_FILE = YES;
				INFOPLIST_KEY_UIApplicationSceneManifest_Generation = YES;
				INFOPLIST_KEY_UIApplicationSupportsIndirectInputEvents = YES;
				INFOPLIST_KEY_UILaunchScreen_Generation = YES;
				INFOPLIST_KEY_UISupportedInterfaceOrientations_iPad = "UIInterfaceOrientationPortrait UIInterfaceOrientationPortraitUpsideDown UIInterfaceOrientationLandscapeLeft UIInterfaceOrientationLandscapeRight";
				INFOPLIST_KEY_UISupportedInterfaceOrientations_iPhone = "UIInterfaceOrientationPortrait UIInterfaceOrientationLandscapeLeft UIInterfaceOrientationLandscapeRight";
				IPHONEOS_DEPLOYMENT_TARGET = 15.4;
				LD_RUNPATH_SEARCH_PATHS = (
					"$(inherited)",
					"@executable_path/Frameworks",
				);
				MARKETING_VERSION = 1.0;
				PRODUCT_BUNDLE_IDENTIFIER = xyz.mizarc.Jamedia;
				PRODUCT_NAME = Jamedia;
				SDKROOT = iphoneos;
				SWIFT_EMIT_LOC_STRINGS = YES;
				SWIFT_VERSION = 5.0;
				TARGETED_DEVICE_FAMILY = "1,2";
			};
			name = Debug;
		};
		7CF29B3627F16FA000BFB2BA /* Release */ = {
			isa = XCBuildConfiguration;
			buildSettings = {
				ASSETCATALOG_COMPILER_APPICON_NAME = AppIcon;
				ASSETCATALOG_COMPILER_GLOBAL_ACCENT_COLOR_NAME = AccentColor;
				CODE_SIGN_STYLE = Automatic;
				CURRENT_PROJECT_VERSION = 1;
				ENABLE_PREVIEWS = YES;
				GENERATE_INFOPLIST_FILE = YES;
				INFOPLIST_KEY_UIApplicationSceneManifest_Generation = YES;
				INFOPLIST_KEY_UIApplicationSupportsIndirectInputEvents = YES;
				INFOPLIST_KEY_UILaunchScreen_Generation = YES;
				INFOPLIST_KEY_UISupportedInterfaceOrientations_iPad = "UIInterfaceOrientationPortrait UIInterfaceOrientationPortraitUpsideDown UIInterfaceOrientationLandscapeLeft UIInterfaceOrientationLandscapeRight";
				INFOPLIST_KEY_UISupportedInterfaceOrientations_iPhone = "UIInterfaceOrientationPortrait UIInterfaceOrientationLandscapeLeft UIInterfaceOrientationLandscapeRight";
				IPHONEOS_DEPLOYMENT_TARGET = 15.4;
				LD_RUNPATH_SEARCH_PATHS = (
					"$(inherited)",
					"@executable_path/Frameworks",
				);
				MARKETING_VERSION = 1.0;
				PRODUCT_BUNDLE_IDENTIFIER = xyz.mizarc.Jamedia;
				PRODUCT_NAME = Jamedia;
				SDKROOT = iphoneos;
				SWIFT_EMIT_LOC_STRINGS = YES;
				SWIFT_VERSION = 5.0;
				TARGETED_DEVICE_FAMILY = "1,2";
				VALIDATE_PRODUCT = YES;
			};
			name = Release;
		};
		7CF29B3827F16FA000BFB2BA /* Debug */ = {
			isa = XCBuildConfiguration;
			buildSettings = {
				ASSETCATALOG_COMPILER_APPICON_NAME = AppIcon;
				ASSETCATALOG_COMPILER_GLOBAL_ACCENT_COLOR_NAME = AccentColor;
				CODE_SIGN_ENTITLEMENTS = macOS/macOS.entitlements;
				CODE_SIGN_STYLE = Automatic;
				COMBINE_HIDPI_IMAGES = YES;
				CURRENT_PROJECT_VERSION = 1;
				ENABLE_PREVIEWS = YES;
				GENERATE_INFOPLIST_FILE = YES;
				INFOPLIST_KEY_NSHumanReadableCopyright = "";
				LD_RUNPATH_SEARCH_PATHS = (
					"$(inherited)",
					"@executable_path/../Frameworks",
				);
				MACOSX_DEPLOYMENT_TARGET = 12.2;
				MARKETING_VERSION = 1.0;
				PRODUCT_BUNDLE_IDENTIFIER = xyz.mizarc.Jamedia;
				PRODUCT_NAME = Jamedia;
				SDKROOT = macosx;
				SWIFT_EMIT_LOC_STRINGS = YES;
				SWIFT_VERSION = 5.0;
			};
			name = Debug;
		};
		7CF29B3927F16FA000BFB2BA /* Release */ = {
			isa = XCBuildConfiguration;
			buildSettings = {
				ASSETCATALOG_COMPILER_APPICON_NAME = AppIcon;
				ASSETCATALOG_COMPILER_GLOBAL_ACCENT_COLOR_NAME = AccentColor;
				CODE_SIGN_ENTITLEMENTS = macOS/macOS.entitlements;
				CODE_SIGN_STYLE = Automatic;
				COMBINE_HIDPI_IMAGES = YES;
				CURRENT_PROJECT_VERSION = 1;
				ENABLE_PREVIEWS = YES;
				GENERATE_INFOPLIST_FILE = YES;
				INFOPLIST_KEY_NSHumanReadableCopyright = "";
				LD_RUNPATH_SEARCH_PATHS = (
					"$(inherited)",
					"@executable_path/../Frameworks",
				);
				MACOSX_DEPLOYMENT_TARGET = 12.2;
				MARKETING_VERSION = 1.0;
				PRODUCT_BUNDLE_IDENTIFIER = xyz.mizarc.Jamedia;
				PRODUCT_NAME = Jamedia;
				SDKROOT = macosx;
				SWIFT_EMIT_LOC_STRINGS = YES;
				SWIFT_VERSION = 5.0;
			};
			name = Release;
		};
		7CF29B3B27F16FA000BFB2BA /* Debug */ = {
			isa = XCBuildConfiguration;
			buildSettings = {
				ALWAYS_EMBED_SWIFT_STANDARD_LIBRARIES = YES;
				CODE_SIGN_STYLE = Automatic;
				CURRENT_PROJECT_VERSION = 1;
				GENERATE_INFOPLIST_FILE = YES;
				IPHONEOS_DEPLOYMENT_TARGET = 15.4;
				MARKETING_VERSION = 1.0;
				PRODUCT_BUNDLE_IDENTIFIER = "xyz.mizarc.Tests-iOS";
				PRODUCT_NAME = "$(TARGET_NAME)";
				SDKROOT = iphoneos;
				SWIFT_EMIT_LOC_STRINGS = NO;
				SWIFT_VERSION = 5.0;
				TARGETED_DEVICE_FAMILY = "1,2";
				TEST_TARGET_NAME = "Jamedia (iOS)";
			};
			name = Debug;
		};
		7CF29B3C27F16FA000BFB2BA /* Release */ = {
			isa = XCBuildConfiguration;
			buildSettings = {
				ALWAYS_EMBED_SWIFT_STANDARD_LIBRARIES = YES;
				CODE_SIGN_STYLE = Automatic;
				CURRENT_PROJECT_VERSION = 1;
				GENERATE_INFOPLIST_FILE = YES;
				IPHONEOS_DEPLOYMENT_TARGET = 15.4;
				MARKETING_VERSION = 1.0;
				PRODUCT_BUNDLE_IDENTIFIER = "xyz.mizarc.Tests-iOS";
				PRODUCT_NAME = "$(TARGET_NAME)";
				SDKROOT = iphoneos;
				SWIFT_EMIT_LOC_STRINGS = NO;
				SWIFT_VERSION = 5.0;
				TARGETED_DEVICE_FAMILY = "1,2";
				TEST_TARGET_NAME = "Jamedia (iOS)";
				VALIDATE_PRODUCT = YES;
			};
			name = Release;
		};
		7CF29B3E27F16FA000BFB2BA /* Debug */ = {
			isa = XCBuildConfiguration;
			buildSettings = {
				ALWAYS_EMBED_SWIFT_STANDARD_LIBRARIES = YES;
				CODE_SIGN_STYLE = Automatic;
				CURRENT_PROJECT_VERSION = 1;
				GENERATE_INFOPLIST_FILE = YES;
				MACOSX_DEPLOYMENT_TARGET = 12.2;
				MARKETING_VERSION = 1.0;
				PRODUCT_BUNDLE_IDENTIFIER = "xyz.mizarc.Tests-macOS";
				PRODUCT_NAME = "$(TARGET_NAME)";
				SDKROOT = macosx;
				SWIFT_EMIT_LOC_STRINGS = NO;
				SWIFT_VERSION = 5.0;
				TEST_TARGET_NAME = "Jamedia (macOS)";
			};
			name = Debug;
		};
		7CF29B3F27F16FA000BFB2BA /* Release */ = {
			isa = XCBuildConfiguration;
			buildSettings = {
				ALWAYS_EMBED_SWIFT_STANDARD_LIBRARIES = YES;
				CODE_SIGN_STYLE = Automatic;
				CURRENT_PROJECT_VERSION = 1;
				GENERATE_INFOPLIST_FILE = YES;
				MACOSX_DEPLOYMENT_TARGET = 12.2;
				MARKETING_VERSION = 1.0;
				PRODUCT_BUNDLE_IDENTIFIER = "xyz.mizarc.Tests-macOS";
				PRODUCT_NAME = "$(TARGET_NAME)";
				SDKROOT = macosx;
				SWIFT_EMIT_LOC_STRINGS = NO;
				SWIFT_VERSION = 5.0;
				TEST_TARGET_NAME = "Jamedia (macOS)";
			};
			name = Release;
		};
/* End XCBuildConfiguration section */

/* Begin XCConfigurationList section */
		7CF29B0227F16F9C00BFB2BA /* Build configuration list for PBXProject "Jamedia" */ = {
			isa = XCConfigurationList;
			buildConfigurations = (
				7CF29B3227F16FA000BFB2BA /* Debug */,
				7CF29B3327F16FA000BFB2BA /* Release */,
			);
			defaultConfigurationIsVisible = 0;
			defaultConfigurationName = Release;
		};
		7CF29B3427F16FA000BFB2BA /* Build configuration list for PBXNativeTarget "Jamedia (iOS)" */ = {
			isa = XCConfigurationList;
			buildConfigurations = (
				7CF29B3527F16FA000BFB2BA /* Debug */,
				7CF29B3627F16FA000BFB2BA /* Release */,
			);
			defaultConfigurationIsVisible = 0;
			defaultConfigurationName = Release;
		};
		7CF29B3727F16FA000BFB2BA /* Build configuration list for PBXNativeTarget "Jamedia (macOS)" */ = {
			isa = XCConfigurationList;
			buildConfigurations = (
				7CF29B3827F16FA000BFB2BA /* Debug */,
				7CF29B3927F16FA000BFB2BA /* Release */,
			);
			defaultConfigurationIsVisible = 0;
			defaultConfigurationName = Release;
		};
		7CF29B3A27F16FA000BFB2BA /* Build configuration list for PBXNativeTarget "Tests iOS" */ = {
			isa = XCConfigurationList;
			buildConfigurations = (
				7CF29B3B27F16FA000BFB2BA /* Debug */,
				7CF29B3C27F16FA000BFB2BA /* Release */,
			);
			defaultConfigurationIsVisible = 0;
			defaultConfigurationName = Release;
		};
		7CF29B3D27F16FA000BFB2BA /* Build configuration list for PBXNativeTarget "Tests macOS" */ = {
			isa = XCConfigurationList;
			buildConfigurations = (
				7CF29B3E27F16FA000BFB2BA /* Debug */,
				7CF29B3F27F16FA000BFB2BA /* Release */,
			);
			defaultConfigurationIsVisible = 0;
			defaultConfigurationName = Release;
		};
/* End XCConfigurationList section */
	};
	rootObject = 7CF29AFF27F16F9C00BFB2BA /* Project object */;
}
